// !$*UTF8*$!
{
	archiveVersion = 1;
	classes = {
	};
	objectVersion = 77;
	objects = {

/* Begin PBXContainerItemProxy section */
		63CF421D2CC495FD00CCD960 /* PBXContainerItemProxy */ = {
			isa = PBXContainerItemProxy;
			containerPortal = 63CF41FE2CC495FB00CCD960 /* Project object */;
			proxyType = 1;
			remoteGlobalIDString = 63CF42052CC495FB00CCD960;
			remoteInfo = AudioRecordingApp;
		};
		63CF42272CC495FD00CCD960 /* PBXContainerItemProxy */ = {
			isa = PBXContainerItemProxy;
			containerPortal = 63CF41FE2CC495FB00CCD960 /* Project object */;
			proxyType = 1;
			remoteGlobalIDString = 63CF42052CC495FB00CCD960;
			remoteInfo = AudioRecordingApp;
		};
/* End PBXContainerItemProxy section */

/* Begin PBXFileReference section */
		63CF42062CC495FB00CCD960 /* AudioRecordingApp.app */ = {isa = PBXFileReference; explicitFileType = wrapper.application; includeInIndex = 0; path = AudioRecordingApp.app; sourceTree = BUILT_PRODUCTS_DIR; };
		63CF421C2CC495FD00CCD960 /* AudioRecordingAppTests.xctest */ = {isa = PBXFileReference; explicitFileType = wrapper.cfbundle; includeInIndex = 0; path = AudioRecordingAppTests.xctest; sourceTree = BUILT_PRODUCTS_DIR; };
		63CF42262CC495FD00CCD960 /* AudioRecordingAppUITests.xctest */ = {isa = PBXFileReference; explicitFileType = wrapper.cfbundle; includeInIndex = 0; path = AudioRecordingAppUITests.xctest; sourceTree = BUILT_PRODUCTS_DIR; };
/* End PBXFileReference section */

/* Begin PBXFileSystemSynchronizedBuildFileExceptionSet section */
		63CF422E2CC495FD00CCD960 /* Exceptions for "AudioRecordingApp" folder in "AudioRecordingApp" target */ = {
			isa = PBXFileSystemSynchronizedBuildFileExceptionSet;
			membershipExceptions = (
				Info.plist,
			);
			target = 63CF42052CC495FB00CCD960 /* AudioRecordingApp */;
		};
/* End PBXFileSystemSynchronizedBuildFileExceptionSet section */

/* Begin PBXFileSystemSynchronizedRootGroup section */
		63CF42082CC495FB00CCD960 /* AudioRecordingApp */ = {
			isa = PBXFileSystemSynchronizedRootGroup;
			exceptions = (
				63CF422E2CC495FD00CCD960 /* Exceptions for "AudioRecordingApp" folder in "AudioRecordingApp" target */,
			);
			path = AudioRecordingApp;
			sourceTree = "<group>";
		};
		63CF421F2CC495FD00CCD960 /* AudioRecordingAppTests */ = {
			isa = PBXFileSystemSynchronizedRootGroup;
			path = AudioRecordingAppTests;
			sourceTree = "<group>";
		};
		63CF42292CC495FD00CCD960 /* AudioRecordingAppUITests */ = {
			isa = PBXFileSystemSynchronizedRootGroup;
			path = AudioRecordingAppUITests;
			sourceTree = "<group>";
		};
/* End PBXFileSystemSynchronizedRootGroup section */

/* Begin PBXFrameworksBuildPhase section */
		63CF42032CC495FB00CCD960 /* Frameworks */ = {
			isa = PBXFrameworksBuildPhase;
			buildActionMask = 2147483647;
			files = (
			);
			runOnlyForDeploymentPostprocessing = 0;
		};
		63CF42192CC495FD00CCD960 /* Frameworks */ = {
			isa = PBXFrameworksBuildPhase;
			buildActionMask = 2147483647;
			files = (
			);
			runOnlyForDeploymentPostprocessing = 0;
		};
		63CF42232CC495FD00CCD960 /* Frameworks */ = {
			isa = PBXFrameworksBuildPhase;
			buildActionMask = 2147483647;
			files = (
			);
			runOnlyForDeploymentPostprocessing = 0;
		};
/* End PBXFrameworksBuildPhase section */

/* Begin PBXGroup section */
		63CF41FD2CC495FB00CCD960 = {
			isa = PBXGroup;
			children = (
				63CF42082CC495FB00CCD960 /* AudioRecordingApp */,
				63CF421F2CC495FD00CCD960 /* AudioRecordingAppTests */,
				63CF42292CC495FD00CCD960 /* AudioRecordingAppUITests */,
				63CF42072CC495FB00CCD960 /* Products */,
			);
			sourceTree = "<group>";
		};
		63CF42072CC495FB00CCD960 /* Products */ = {
			isa = PBXGroup;
			children = (
				63CF42062CC495FB00CCD960 /* AudioRecordingApp.app */,
				63CF421C2CC495FD00CCD960 /* AudioRecordingAppTests.xctest */,
				63CF42262CC495FD00CCD960 /* AudioRecordingAppUITests.xctest */,
			);
			name = Products;
			sourceTree = "<group>";
		};
/* End PBXGroup section */

/* Begin PBXNativeTarget section */
		63CF42052CC495FB00CCD960 /* AudioRecordingApp */ = {
			isa = PBXNativeTarget;
			buildConfigurationList = 63CF422F2CC495FD00CCD960 /* Build configuration list for PBXNativeTarget "AudioRecordingApp" */;
			buildPhases = (
				63CF42022CC495FB00CCD960 /* Sources */,
				63CF42032CC495FB00CCD960 /* Frameworks */,
				63CF42042CC495FB00CCD960 /* Resources */,
			);
			buildRules = (
			);
			dependencies = (
			);
			fileSystemSynchronizedGroups = (
				63CF42082CC495FB00CCD960 /* AudioRecordingApp */,
			);
			name = AudioRecordingApp;
			packageProductDependencies = (
			);
			productName = AudioRecordingApp;
			productReference = 63CF42062CC495FB00CCD960 /* AudioRecordingApp.app */;
			productType = "com.apple.product-type.application";
		};
		63CF421B2CC495FD00CCD960 /* AudioRecordingAppTests */ = {
			isa = PBXNativeTarget;
			buildConfigurationList = 63CF42342CC495FD00CCD960 /* Build configuration list for PBXNativeTarget "AudioRecordingAppTests" */;
			buildPhases = (
				63CF42182CC495FD00CCD960 /* Sources */,
				63CF42192CC495FD00CCD960 /* Frameworks */,
				63CF421A2CC495FD00CCD960 /* Resources */,
			);
			buildRules = (
			);
			dependencies = (
				63CF421E2CC495FD00CCD960 /* PBXTargetDependency */,
			);
			fileSystemSynchronizedGroups = (
				63CF421F2CC495FD00CCD960 /* AudioRecordingAppTests */,
			);
			name = AudioRecordingAppTests;
			packageProductDependencies = (
			);
			productName = AudioRecordingAppTests;
			productReference = 63CF421C2CC495FD00CCD960 /* AudioRecordingAppTests.xctest */;
			productType = "com.apple.product-type.bundle.unit-test";
		};
		63CF42252CC495FD00CCD960 /* AudioRecordingAppUITests */ = {
			isa = PBXNativeTarget;
			buildConfigurationList = 63CF42372CC495FD00CCD960 /* Build configuration list for PBXNativeTarget "AudioRecordingAppUITests" */;
			buildPhases = (
				63CF42222CC495FD00CCD960 /* Sources */,
				63CF42232CC495FD00CCD960 /* Frameworks */,
				63CF42242CC495FD00CCD960 /* Resources */,
			);
			buildRules = (
			);
			dependencies = (
				63CF42282CC495FD00CCD960 /* PBXTargetDependency */,
			);
			fileSystemSynchronizedGroups = (
				63CF42292CC495FD00CCD960 /* AudioRecordingAppUITests */,
			);
			name = AudioRecordingAppUITests;
			packageProductDependencies = (
			);
			productName = AudioRecordingAppUITests;
			productReference = 63CF42262CC495FD00CCD960 /* AudioRecordingAppUITests.xctest */;
			productType = "com.apple.product-type.bundle.ui-testing";
		};
/* End PBXNativeTarget section */

/* Begin PBXProject section */
		63CF41FE2CC495FB00CCD960 /* Project object */ = {
			isa = PBXProject;
			attributes = {
				BuildIndependentTargetsInParallel = 1;
				LastSwiftUpdateCheck = 1600;
				LastUpgradeCheck = 1600;
				TargetAttributes = {
					63CF42052CC495FB00CCD960 = {
						CreatedOnToolsVersion = 16.0;
					};
					63CF421B2CC495FD00CCD960 = {
						CreatedOnToolsVersion = 16.0;
						TestTargetID = 63CF42052CC495FB00CCD960;
					};
					63CF42252CC495FD00CCD960 = {
						CreatedOnToolsVersion = 16.0;
						TestTargetID = 63CF42052CC495FB00CCD960;
					};
				};
			};
			buildConfigurationList = 63CF42012CC495FB00CCD960 /* Build configuration list for PBXProject "AudioRecordingApp" */;
			developmentRegion = en;
			hasScannedForEncodings = 0;
			knownRegions = (
				en,
				Base,
			);
			mainGroup = 63CF41FD2CC495FB00CCD960;
			minimizedProjectReferenceProxies = 1;
			preferredProjectObjectVersion = 77;
			productRefGroup = 63CF42072CC495FB00CCD960 /* Products */;
			projectDirPath = "";
			projectRoot = "";
			targets = (
				63CF42052CC495FB00CCD960 /* AudioRecordingApp */,
				63CF421B2CC495FD00CCD960 /* AudioRecordingAppTests */,
				63CF42252CC495FD00CCD960 /* AudioRecordingAppUITests */,
			);
		};
/* End PBXProject section */

/* Begin PBXResourcesBuildPhase section */
		63CF42042CC495FB00CCD960 /* Resources */ = {
			isa = PBXResourcesBuildPhase;
			buildActionMask = 2147483647;
			files = (
			);
			runOnlyForDeploymentPostprocessing = 0;
		};
		63CF421A2CC495FD00CCD960 /* Resources */ = {
			isa = PBXResourcesBuildPhase;
			buildActionMask = 2147483647;
			files = (
			);
			runOnlyForDeploymentPostprocessing = 0;
		};
		63CF42242CC495FD00CCD960 /* Resources */ = {
			isa = PBXResourcesBuildPhase;
			buildActionMask = 2147483647;
			files = (
			);
			runOnlyForDeploymentPostprocessing = 0;
		};
/* End PBXResourcesBuildPhase section */

/* Begin PBXSourcesBuildPhase section */
		63CF42022CC495FB00CCD960 /* Sources */ = {
			isa = PBXSourcesBuildPhase;
			buildActionMask = 2147483647;
			files = (
			);
			runOnlyForDeploymentPostprocessing = 0;
		};
		63CF42182CC495FD00CCD960 /* Sources */ = {
			isa = PBXSourcesBuildPhase;
			buildActionMask = 2147483647;
			files = (
			);
			runOnlyForDeploymentPostprocessing = 0;
		};
		63CF42222CC495FD00CCD960 /* Sources */ = {
			isa = PBXSourcesBuildPhase;
			buildActionMask = 2147483647;
			files = (
			);
			runOnlyForDeploymentPostprocessing = 0;
		};
/* End PBXSourcesBuildPhase section */

/* Begin PBXTargetDependency section */
		63CF421E2CC495FD00CCD960 /* PBXTargetDependency */ = {
			isa = PBXTargetDependency;
			target = 63CF42052CC495FB00CCD960 /* AudioRecordingApp */;
			targetProxy = 63CF421D2CC495FD00CCD960 /* PBXContainerItemProxy */;
		};
		63CF42282CC495FD00CCD960 /* PBXTargetDependency */ = {
			isa = PBXTargetDependency;
			target = 63CF42052CC495FB00CCD960 /* AudioRecordingApp */;
			targetProxy = 63CF42272CC495FD00CCD960 /* PBXContainerItemProxy */;
		};
/* End PBXTargetDependency section */

/* Begin XCBuildConfiguration section */
		63CF42302CC495FD00CCD960 /* Debug */ = {
			isa = XCBuildConfiguration;
			buildSettings = {
				ASSETCATALOG_COMPILER_APPICON_NAME = AppIcon;
				ASSETCATALOG_COMPILER_GLOBAL_ACCENT_COLOR_NAME = AccentColor;
				CODE_SIGN_STYLE = Automatic;
				CURRENT_PROJECT_VERSION = 1;
				DEVELOPMENT_TEAM = H2JF4SUS79;
				GENERATE_INFOPLIST_FILE = YES;
				INFOPLIST_FILE = AudioRecordingApp/Info.plist;
				INFOPLIST_KEY_UIApplicationSupportsIndirectInputEvents = YES;
				INFOPLIST_KEY_UILaunchStoryboardName = LaunchScreen;
				INFOPLIST_KEY_UIMainStoryboardFile = Main;
				INFOPLIST_KEY_UIStatusBarStyle = "";
				INFOPLIST_KEY_UISupportedInterfaceOrientations_iPad = "UIInterfaceOrientationPortrait UIInterfaceOrientationPortraitUpsideDown UIInterfaceOrientationLandscapeLeft UIInterfaceOrientationLandscapeRight";
				INFOPLIST_KEY_UISupportedInterfaceOrientations_iPhone = "UIInterfaceOrientationPortrait UIInterfaceOrientationLandscapeLeft UIInterfaceOrientationLandscapeRight";
				IPHONEOS_DEPLOYMENT_TARGET = 12.5;
				LD_RUNPATH_SEARCH_PATHS = (
					"$(inherited)",
					"@executable_path/Frameworks",
				);
				MARKETING_VERSION = 1.0;
				PRODUCT_BUNDLE_IDENTIFIER = iOS.AudioRecordingApp;
				PRODUCT_NAME = "$(TARGET_NAME)";
				SWIFT_EMIT_LOC_STRINGS = YES;
				SWIFT_VERSION = 5.0;
				TARGETED_DEVICE_FAMILY = "1,2";
			};
			name = Debug;
		};
		63CF42312CC495FD00CCD960 /* Release */ = {
			isa = XCBuildConfiguration;
			buildSettings = {
				ASSETCATALOG_COMPILER_APPICON_NAME = AppIcon;
				ASSETCATALOG_COMPILER_GLOBAL_ACCENT_COLOR_NAME = AccentColor;
				CODE_SIGN_STYLE = Automatic;
				CURRENT_PROJECT_VERSION = 1;
				DEVELOPMENT_TEAM = H2JF4SUS79;
				GENERATE_INFOPLIST_FILE = YES;
				INFOPLIST_FILE = AudioRecordingApp/Info.plist;
				INFOPLIST_KEY_UIApplicationSupportsIndirectInputEvents = YES;
				INFOPLIST_KEY_UILaunchStoryboardName = LaunchScreen;
				INFOPLIST_KEY_UIMainStoryboardFile = Main;
				INFOPLIST_KEY_UIStatusBarStyle = "";
				INFOPLIST_KEY_UISupportedInterfaceOrientations_iPad = "UIInterfaceOrientationPortrait UIInterfaceOrientationPortraitUpsideDown UIInterfaceOrientationLandscapeLeft UIInterfaceOrientationLandscapeRight";
				INFOPLIST_KEY_UISupportedInterfaceOrientations_iPhone = "UIInterfaceOrientationPortrait UIInterfaceOrientationLandscapeLeft UIInterfaceOrientationLandscapeRight";
				IPHONEOS_DEPLOYMENT_TARGET = 12.5;
				LD_RUNPATH_SEARCH_PATHS = (
					"$(inherited)",
					"@executable_path/Frameworks",
				);
				MARKETING_VERSION = 1.0;
				PRODUCT_BUNDLE_IDENTIFIER = iOS.AudioRecordingApp;
				PRODUCT_NAME = "$(TARGET_NAME)";
				SWIFT_EMIT_LOC_STRINGS = YES;
				SWIFT_VERSION = 5.0;
				TARGETED_DEVICE_FAMILY = "1,2";
			};
			name = Release;
		};
		63CF42322CC495FD00CCD960 /* Debug */ = {
			isa = XCBuildConfiguration;
			buildSettings = {
				ALWAYS_SEARCH_USER_PATHS = NO;
				ASSETCATALOG_COMPILER_GENERATE_SWIFT_ASSET_SYMBOL_EXTENSIONS = YES;
				CLANG_ANALYZER_NONNULL = YES;
				CLANG_ANALYZER_NUMBER_OBJECT_CONVERSION = YES_AGGRESSIVE;
				CLANG_CXX_LANGUAGE_STANDARD = "gnu++20";
				CLANG_ENABLE_MODULES = YES;
				CLANG_ENABLE_OBJC_ARC = YES;
				CLANG_ENABLE_OBJC_WEAK = YES;
				CLANG_WARN_BLOCK_CAPTURE_AUTORELEASING = YES;
				CLANG_WARN_BOOL_CONVERSION = YES;
				CLANG_WARN_COMMA = YES;
				CLANG_WARN_CONSTANT_CONVERSION = YES;
				CLANG_WARN_DEPRECATED_OBJC_IMPLEMENTATIONS = YES;
				CLANG_WARN_DIRECT_OBJC_ISA_USAGE = YES_ERROR;
				CLANG_WARN_DOCUMENTATION_COMMENTS = YES;
				CLANG_WARN_EMPTY_BODY = YES;
				CLANG_WARN_ENUM_CONVERSION = YES;
				CLANG_WARN_INFINITE_RECURSION = YES;
				CLANG_WARN_INT_CONVERSION = YES;
				CLANG_WARN_NON_LITERAL_NULL_CONVERSION = YES;
				CLANG_WARN_OBJC_IMPLICIT_RETAIN_SELF = YES;
				CLANG_WARN_OBJC_LITERAL_CONVERSION = YES;
				CLANG_WARN_OBJC_ROOT_CLASS = YES_ERROR;
				CLANG_WARN_QUOTED_INCLUDE_IN_FRAMEWORK_HEADER = YES;
				CLANG_WARN_RANGE_LOOP_ANALYSIS = YES;
				CLANG_WARN_STRICT_PROTOTYPES = YES;
				CLANG_WARN_SUSPICIOUS_MOVE = YES;
				CLANG_WARN_UNGUARDED_AVAILABILITY = YES_AGGRESSIVE;
				CLANG_WARN_UNREACHABLE_CODE = YES;
				CLANG_WARN__DUPLICATE_METHOD_MATCH = YES;
				COPY_PHASE_STRIP = NO;
				DEBUG_INFORMATION_FORMAT = dwarf;
				ENABLE_STRICT_OBJC_MSGSEND = YES;
				ENABLE_TESTABILITY = YES;
				ENABLE_USER_SCRIPT_SANDBOXING = YES;
				GCC_C_LANGUAGE_STANDARD = gnu17;
				GCC_DYNAMIC_NO_PIC = NO;
				GCC_NO_COMMON_BLOCKS = YES;
				GCC_OPTIMIZATION_LEVEL = 0;
				GCC_PREPROCESSOR_DEFINITIONS = (
					"DEBUG=1",
					"$(inherited)",
				);
				GCC_WARN_64_TO_32_BIT_CONVERSION = YES;
				GCC_WARN_ABOUT_RETURN_TYPE = YES_ERROR;
				GCC_WARN_UNDECLARED_SELECTOR = YES;
				GCC_WARN_UNINITIALIZED_AUTOS = YES_AGGRESSIVE;
				GCC_WARN_UNUSED_FUNCTION = YES;
				GCC_WARN_UNUSED_VARIABLE = YES;
				IPHONEOS_DEPLOYMENT_TARGET = 18.0;
				LOCALIZATION_PREFERS_STRING_CATALOGS = YES;
				MTL_ENABLE_DEBUG_INFO = INCLUDE_SOURCE;
				MTL_FAST_MATH = YES;
				ONLY_ACTIVE_ARCH = YES;
				SDKROOT = iphoneos;
				SWIFT_ACTIVE_COMPILATION_CONDITIONS = "DEBUG $(inherited)";
				SWIFT_OPTIMIZATION_LEVEL = "-Onone";
			};
			name = Debug;
		};
		63CF42332CC495FD00CCD960 /* Release */ = {
			isa = XCBuildConfiguration;
			buildSettings = {
				ALWAYS_SEARCH_USER_PATHS = NO;
				ASSETCATALOG_COMPILER_GENERATE_SWIFT_ASSET_SYMBOL_EXTENSIONS = YES;
				CLANG_ANALYZER_NONNULL = YES;
				CLANG_ANALYZER_NUMBER_OBJECT_CONVERSION = YES_AGGRESSIVE;
				CLANG_CXX_LANGUAGE_STANDARD = "gnu++20";
				CLANG_ENABLE_MODULES = YES;
				CLANG_ENABLE_OBJC_ARC = YES;
				CLANG_ENABLE_OBJC_WEAK = YES;
				CLANG_WARN_BLOCK_CAPTURE_AUTORELEASING = YES;
				CLANG_WARN_BOOL_CONVERSION = YES;
				CLANG_WARN_COMMA = YES;
				CLANG_WARN_CONSTANT_CONVERSION = YES;
				CLANG_WARN_DEPRECATED_OBJC_IMPLEMENTATIONS = YES;
				CLANG_WARN_DIRECT_OBJC_ISA_USAGE = YES_ERROR;
				CLANG_WARN_DOCUMENTATION_COMMENTS = YES;
				CLANG_WARN_EMPTY_BODY = YES;
				CLANG_WARN_ENUM_CONVERSION = YES;
				CLANG_WARN_INFINITE_RECURSION = YES;
				CLANG_WARN_INT_CONVERSION = YES;
				CLANG_WARN_NON_LITERAL_NULL_CONVERSION = YES;
				CLANG_WARN_OBJC_IMPLICIT_RETAIN_SELF = YES;
				CLANG_WARN_OBJC_LITERAL_CONVERSION = YES;
				CLANG_WARN_OBJC_ROOT_CLASS = YES_ERROR;
				CLANG_WARN_QUOTED_INCLUDE_IN_FRAMEWORK_HEADER = YES;
				CLANG_WARN_RANGE_LOOP_ANALYSIS = YES;
				CLANG_WARN_STRICT_PROTOTYPES = YES;
				CLANG_WARN_SUSPICIOUS_MOVE = YES;
				CLANG_WARN_UNGUARDED_AVAILABILITY = YES_AGGRESSIVE;
				CLANG_WARN_UNREACHABLE_CODE = YES;
				CLANG_WARN__DUPLICATE_METHOD_MATCH = YES;
				COPY_PHASE_STRIP = NO;
				DEBUG_INFORMATION_FORMAT = "dwarf-with-dsym";
				ENABLE_NS_ASSERTIONS = NO;
				ENABLE_STRICT_OBJC_MSGSEND = YES;
				ENABLE_USER_SCRIPT_SANDBOXING = YES;
				GCC_C_LANGUAGE_STANDARD = gnu17;
				GCC_NO_COMMON_BLOCKS = YES;
				GCC_WARN_64_TO_32_BIT_CONVERSION = YES;
				GCC_WARN_ABOUT_RETURN_TYPE = YES_ERROR;
				GCC_WARN_UNDECLARED_SELECTOR = YES;
				GCC_WARN_UNINITIALIZED_AUTOS = YES_AGGRESSIVE;
				GCC_WARN_UNUSED_FUNCTION = YES;
				GCC_WARN_UNUSED_VARIABLE = YES;
				IPHONEOS_DEPLOYMENT_TARGET = 18.0;
				LOCALIZATION_PREFERS_STRING_CATALOGS = YES;
				MTL_ENABLE_DEBUG_INFO = NO;
				MTL_FAST_MATH = YES;
				SDKROOT = iphoneos;
				SWIFT_COMPILATION_MODE = wholemodule;
				VALIDATE_PRODUCT = YES;
			};
			name = Release;
		};
		63CF42352CC495FD00CCD960 /* Debug */ = {
			isa = XCBuildConfiguration;
			buildSettings = {
				BUNDLE_LOADER = "$(TEST_HOST)";
				CODE_SIGN_STYLE = Automatic;
				CURRENT_PROJECT_VERSION = 1;
				DEVELOPMENT_TEAM = H2JF4SUS79;
				GENERATE_INFOPLIST_FILE = YES;
				IPHONEOS_DEPLOYMENT_TARGET = 18.0;
				MARKETING_VERSION = 1.0;
				PRODUCT_BUNDLE_IDENTIFIER = iOS.AudioRecordingAppTests;
				PRODUCT_NAME = "$(TARGET_NAME)";
				SWIFT_EMIT_LOC_STRINGS = NO;
				SWIFT_VERSION = 5.0;
				TARGETED_DEVICE_FAMILY = "1,2";
				TEST_HOST = "$(BUILT_PRODUCTS_DIR)/AudioRecordingApp.app/$(BUNDLE_EXECUTABLE_FOLDER_PATH)/AudioRecordingApp";
			};
			name = Debug;
		};
		63CF42362CC495FD00CCD960 /* Release */ = {
			isa = XCBuildConfiguration;
			buildSettings = {
				BUNDLE_LOADER = "$(TEST_HOST)";
				CODE_SIGN_STYLE = Automatic;
				CURRENT_PROJECT_VERSION = 1;
				DEVELOPMENT_TEAM = H2JF4SUS79;
				GENERATE_INFOPLIST_FILE = YES;
				IPHONEOS_DEPLOYMENT_TARGET = 18.0;
				MARKETING_VERSION = 1.0;
				PRODUCT_BUNDLE_IDENTIFIER = iOS.AudioRecordingAppTests;
				PRODUCT_NAME = "$(TARGET_NAME)";
				SWIFT_EMIT_LOC_STRINGS = NO;
				SWIFT_VERSION = 5.0;
				TARGETED_DEVICE_FAMILY = "1,2";
				TEST_HOST = "$(BUILT_PRODUCTS_DIR)/AudioRecordingApp.app/$(BUNDLE_EXECUTABLE_FOLDER_PATH)/AudioRecordingApp";
			};
			name = Release;
		};
		63CF42382CC495FD00CCD960 /* Debug */ = {
			isa = XCBuildConfiguration;
			buildSettings = {
				CODE_SIGN_STYLE = Automatic;
				CURRENT_PROJECT_VERSION = 1;
				DEVELOPMENT_TEAM = H2JF4SUS79;
				GENERATE_INFOPLIST_FILE = YES;
				MARKETING_VERSION = 1.0;
				PRODUCT_BUNDLE_IDENTIFIER = iOS.AudioRecordingAppUITests;
				PRODUCT_NAME = "$(TARGET_NAME)";
				SWIFT_EMIT_LOC_STRINGS = NO;
				SWIFT_VERSION = 5.0;
				TARGETED_DEVICE_FAMILY = "1,2";
				TEST_TARGET_NAME = AudioRecordingApp;
			};
			name = Debug;
		};
		63CF42392CC495FD00CCD960 /* Release */ = {
			isa = XCBuildConfiguration;
			buildSettings = {
				CODE_SIGN_STYLE = Automatic;
				CURRENT_PROJECT_VERSION = 1;
				DEVELOPMENT_TEAM = H2JF4SUS79;
				GENERATE_INFOPLIST_FILE = YES;
				MARKETING_VERSION = 1.0;
				PRODUCT_BUNDLE_IDENTIFIER = iOS.AudioRecordingAppUITests;
				PRODUCT_NAME = "$(TARGET_NAME)";
				SWIFT_EMIT_LOC_STRINGS = NO;
				SWIFT_VERSION = 5.0;
				TARGETED_DEVICE_FAMILY = "1,2";
				TEST_TARGET_NAME = AudioRecordingApp;
			};
			name = Release;
		};
/* End XCBuildConfiguration section */

/* Begin XCConfigurationList section */
		63CF42012CC495FB00CCD960 /* Build configuration list for PBXProject "AudioRecordingApp" */ = {
			isa = XCConfigurationList;
			buildConfigurations = (
				63CF42322CC495FD00CCD960 /* Debug */,
				63CF42332CC495FD00CCD960 /* Release */,
			);
			defaultConfigurationIsVisible = 0;
			defaultConfigurationName = Release;
		};
		63CF422F2CC495FD00CCD960 /* Build configuration list for PBXNativeTarget "AudioRecordingApp" */ = {
			isa = XCConfigurationList;
			buildConfigurations = (
				63CF42302CC495FD00CCD960 /* Debug */,
				63CF42312CC495FD00CCD960 /* Release */,
			);
			defaultConfigurationIsVisible = 0;
			defaultConfigurationName = Release;
		};
		63CF42342CC495FD00CCD960 /* Build configuration list for PBXNativeTarget "AudioRecordingAppTests" */ = {
			isa = XCConfigurationList;
			buildConfigurations = (
				63CF42352CC495FD00CCD960 /* Debug */,
				63CF42362CC495FD00CCD960 /* Release */,
			);
			defaultConfigurationIsVisible = 0;
			defaultConfigurationName = Release;
		};
		63CF42372CC495FD00CCD960 /* Build configuration list for PBXNativeTarget "AudioRecordingAppUITests" */ = {
			isa = XCConfigurationList;
			buildConfigurations = (
				63CF42382CC495FD00CCD960 /* Debug */,
				63CF42392CC495FD00CCD960 /* Release */,
			);
			defaultConfigurationIsVisible = 0;
			defaultConfigurationName = Release;
		};
/* End XCConfigurationList section */
	};
	rootObject = 63CF41FE2CC495FB00CCD960 /* Project object */;
}
